
Microsoft Visual Studio Solution File, Format Version 12.00
# Visual Studio Version 17
VisualStudioVersion = 17.8.34330.188
MinimumVisualStudioVersion = 10.0.40219.1
Project("{FAE04EC0-301F-11D3-BF4B-00C04F79EFBC}") = "WinForm-Casas", "WinForm-Casas\WinForm-Casas.csproj", "{F6D184A9-F3E3-48B5-B594-2B9A0F061FB3}"
EndProject
Project("{FAE04EC0-301F-11D3-BF4B-00C04F79EFBC}") = "dominio", "dominio\dominio.csproj", "{59126754-973E-4A5B-9DDE-2D32199C7711}"
EndProject
Project("{FAE04EC0-301F-11D3-BF4B-00C04F79EFBC}") = "datos", "datos\datos.csproj", "{993871AC-C5A0-4717-B1FA-F88E36C39E18}"
EndProject
Global
	GlobalSection(SolutionConfigurationPlatforms) = preSolution
		Debug|Any CPU = Debug|Any CPU
		Release|Any CPU = Release|Any CPU
	EndGlobalSection
	GlobalSection(ProjectConfigurationPlatforms) = postSolution
		{F6D184A9-F3E3-48B5-B594-2B9A0F061FB3}.Debug|Any CPU.ActiveCfg = Debug|Any CPU
		{F6D184A9-F3E3-48B5-B594-2B9A0F061FB3}.Debug|Any CPU.Build.0 = Debug|Any CPU
		{F6D184A9-F3E3-48B5-B594-2B9A0F061FB3}.Release|Any CPU.ActiveCfg = Release|Any CPU
		{F6D184A9-F3E3-48B5-B594-2B9A0F061FB3}.Release|Any CPU.Build.0 = Release|Any CPU
		{59126754-973E-4A5B-9DDE-2D32199C7711}.Debug|Any CPU.ActiveCfg = Debug|Any CPU
		{59126754-973E-4A5B-9DDE-2D32199C7711}.Debug|Any CPU.Build.0 = Debug|Any CPU
		{59126754-973E-4A5B-9DDE-2D32199C7711}.Release|Any CPU.ActiveCfg = Release|Any CPU
		{59126754-973E-4A5B-9DDE-2D32199C7711}.Release|Any CPU.Build.0 = Release|Any CPU
		{993871AC-C5A0-4717-B1FA-F88E36C39E18}.Debug|Any CPU.ActiveCfg = Debug|Any CPU
		{993871AC-C5A0-4717-B1FA-F88E36C39E18}.Debug|Any CPU.Build.0 = Debug|Any CPU
		{993871AC-C5A0-4717-B1FA-F88E36C39E18}.Release|Any CPU.ActiveCfg = Release|Any CPU
		{993871AC-C5A0-4717-B1FA-F88E36C39E18}.Release|Any CPU.Build.0 = Release|Any CPU
	EndGlobalSection
	GlobalSection(SolutionProperties) = preSolution
		HideSolutionNode = FALSE
	EndGlobalSection
	GlobalSection(ExtensibilityGlobals) = postSolution
		SolutionGuid = {4027F792-8350-466C-8196-8497C9CDED46}
	EndGlobalSection
EndGlobal
